
Microsoft Visual Studio Solution File, Format Version 12.00
# Visual Studio Version 17
VisualStudioVersion = 17.7.34031.279
MinimumVisualStudioVersion = 10.0.40219.1
Project("{FAE04EC0-301F-11D3-BF4B-00C04F79EFBC}") = "FreelanceCalculette", "FreelanceCalculette\FreelanceCalculette.csproj", "{146BCB74-1B5C-4510-9CD5-42D21751E7BD}"
EndProject
Global
	GlobalSection(SolutionConfigurationPlatforms) = preSolution
		Debug|Any CPU = Debug|Any CPU
		Release|Any CPU = Release|Any CPU
	EndGlobalSection
	GlobalSection(ProjectConfigurationPlatforms) = postSolution
		{146BCB74-1B5C-4510-9CD5-42D21751E7BD}.Debug|Any CPU.ActiveCfg = Debug|Any CPU
		{146BCB74-1B5C-4510-9CD5-42D21751E7BD}.Debug|Any CPU.Build.0 = Debug|Any CPU
		{146BCB74-1B5C-4510-9CD5-42D21751E7BD}.Release|Any CPU.ActiveCfg = Release|Any CPU
		{146BCB74-1B5C-4510-9CD5-42D21751E7BD}.Release|Any CPU.Build.0 = Release|Any CPU
	EndGlobalSection
	GlobalSection(SolutionProperties) = preSolution
		HideSolutionNode = FALSE
	EndGlobalSection
	GlobalSection(ExtensibilityGlobals) = postSolution
		SolutionGuid = {F61159F3-2BF3-41F9-8321-4C9CBDD13089}
	EndGlobalSection
EndGlobal
